
Microsoft Visual Studio Solution File, Format Version 12.00
# Visual Studio 15
Project("{2150E333-8FDC-42A3-9474-1A3956D46DE8}") = "CreationPatterns", "CreationPatterns", "{825ADAE2-AD25-4A71-97FE-C7579A4D02A0}"
EndProject
Project("{FAE04EC0-301F-11D3-BF4B-00C04F79EFBC}") = "FactoryMethod", "FactoryMethod\FactoryMethod.csproj", "{4DCE7D09-C9BA-4826-A7FD-F14968E27F68}"
EndProject
Project("{FAE04EC0-301F-11D3-BF4B-00C04F79EFBC}") = "AbstractFactory", "FactoryMethod\AbstractFactory\AbstractFactory.csproj", "{89B4073B-B7B0-40A4-A9F3-6630B2150F8D}"
EndProject
Global
	GlobalSection(SolutionConfigurationPlatforms) = preSolution
		Debug|Any CPU = Debug|Any CPU
		Release|Any CPU = Release|Any CPU
	EndGlobalSection
	GlobalSection(ProjectConfigurationPlatforms) = postSolution
		{4DCE7D09-C9BA-4826-A7FD-F14968E27F68}.Debug|Any CPU.ActiveCfg = Debug|Any CPU
		{4DCE7D09-C9BA-4826-A7FD-F14968E27F68}.Debug|Any CPU.Build.0 = Debug|Any CPU
		{4DCE7D09-C9BA-4826-A7FD-F14968E27F68}.Release|Any CPU.ActiveCfg = Release|Any CPU
		{4DCE7D09-C9BA-4826-A7FD-F14968E27F68}.Release|Any CPU.Build.0 = Release|Any CPU
		{89B4073B-B7B0-40A4-A9F3-6630B2150F8D}.Debug|Any CPU.ActiveCfg = Debug|Any CPU
		{89B4073B-B7B0-40A4-A9F3-6630B2150F8D}.Debug|Any CPU.Build.0 = Debug|Any CPU
		{89B4073B-B7B0-40A4-A9F3-6630B2150F8D}.Release|Any CPU.ActiveCfg = Release|Any CPU
		{89B4073B-B7B0-40A4-A9F3-6630B2150F8D}.Release|Any CPU.Build.0 = Release|Any CPU
	EndGlobalSection
	GlobalSection(NestedProjects) = preSolution
		{4DCE7D09-C9BA-4826-A7FD-F14968E27F68} = {825ADAE2-AD25-4A71-97FE-C7579A4D02A0}
		{89B4073B-B7B0-40A4-A9F3-6630B2150F8D} = {825ADAE2-AD25-4A71-97FE-C7579A4D02A0}
	EndGlobalSection
EndGlobal
